{
  "nodes": {
    "nixpkgs": {
      "locked": {
        "lastModified": 1726134218,
        "narHash": "sha256-EXHxiG3Vur5proTl0uLSLjUwWaEOY2p/sYDUXp3SVGY=",
        "owner": "grwlf",
        "repo": "nixpkgs",
        "rev": "131d1167942fd25bdfc082cf439f3969974bcdaa",
        "type": "github"
      },
      "original": {
        "owner": "grwlf",
        "ref": "local17",
        "repo": "nixpkgs",
        "type": "github"
      }
    },
    "root": {
      "inputs": {
        "nixpkgs": "nixpkgs"
      }
    }
  },
  "root": "root",
  "version": 7
}
